github.com/yuin/goldmark v1.8.4 h1:oat/nd3U6NeQqFEL3xpEJq7d7c86NI+DbSNGAs4xnjA=
github.com/yuin/goldmark v1.8.4/go.mod h1:ip/1k0VRfGynBgxOz0yCqHrbZXhcjxyuS66Brc7iBKg=
go.yaml.in/yaml/v2 v2.4.4 h1:tuyd0P+2Ont/d6e2rl3be67goVK4R6deVxCUX5vyPaQ=
go.yaml.in/yaml/v2 v2.4.4/go.mod h1:gMZqIpDtDqOfM0uNfy0SkpRhvUryYH0Z6wdMYcacYXQ=
